// !$*UTF8*$!
{
	archiveVersion = 1;
	classes = {
	};
	objectVersion = 77;
	objects = {

/* Begin PBXContainerItemProxy section */
		DA7B8B4D2FE580C700AB4D8F /* PBXContainerItemProxy */ = {
			isa = PBXContainerItemProxy;
			containerPortal = DA7B8B372FE580C600AB4D8F /* Project object */;
			proxyType = 1;
			remoteGlobalIDString = DA7B8B3E2FE580C600AB4D8F;
			remoteInfo = keymaster;
		};
		DA7B8B572FE580C700AB4D8F /* PBXContainerItemProxy */ = {
			isa = PBXContainerItemProxy;
			containerPortal = DA7B8B372FE580C600AB4D8F /* Project object */;
			proxyType = 1;
			remoteGlobalIDString = DA7B8B3E2FE580C600AB4D8F;
			remoteInfo = keymaster;
		};
/* End PBXContainerItemProxy section */

/* Begin PBXFileReference section */
		DA7B8B3F2FE580C600AB4D8F /* Keymaster.app */ = {isa = PBXFileReference; explicitFileType = wrapper.application; includeInIndex = 0; path = Keymaster.app; sourceTree = BUILT_PRODUCTS_DIR; };
		DA7B8B4C2FE580C700AB4D8F /* keymasterTests.xctest */ = {isa = PBXFileReference; explicitFileType = wrapper.cfbundle; includeInIndex = 0; path = keymasterTests.xctest; sourceTree = BUILT_PRODUCTS_DIR; };
		DA7B8B562FE580C700AB4D8F /* keymasterUITests.xctest */ = {isa = PBXFileReference; explicitFileType = wrapper.cfbundle; includeInIndex = 0; path = keymasterUITests.xctest; sourceTree = BUILT_PRODUCTS_DIR; };
/* End PBXFileReference section */

/* Begin PBXFileSystemSynchronizedRootGroup section */
		DA7B8B412FE580C600AB4D8F /* keymaster */ = {
			isa = PBXFileSystemSynchronizedRootGroup;
			path = keymaster;
			sourceTree = "<group>";
		};
		DA7B8B4F2FE580C700AB4D8F /* keymasterTests */ = {
			isa = PBXFileSystemSynchronizedRootGroup;
			path = keymasterTests;
			sourceTree = "<group>";
		};
		DA7B8B592FE580C700AB4D8F /* keymasterUITests */ = {
			isa = PBXFileSystemSynchronizedRootGroup;
			path = keymasterUITests;
			sourceTree = "<group>";
		};
/* End PBXFileSystemSynchronizedRootGroup section */

/* Begin PBXFrameworksBuildPhase section */
		DA7B8B3C2FE580C600AB4D8F /* Frameworks */ = {
			isa = PBXFrameworksBuildPhase;
			buildActionMask = 2147483647;
			files = (
			);
			runOnlyForDeploymentPostprocessing = 0;
		};
		DA7B8B492FE580C700AB4D8F /* Frameworks */ = {
			isa = PBXFrameworksBuildPhase;
			buildActionMask = 2147483647;
			files = (
			);
			runOnlyForDeploymentPostprocessing = 0;
		};
		DA7B8B532FE580C700AB4D8F /* Frameworks */ = {
			isa = PBXFrameworksBuildPhase;
			buildActionMask = 2147483647;
			files = (
			);
			runOnlyForDeploymentPostprocessing = 0;
		};
/* End PBXFrameworksBuildPhase section */

/* Begin PBXGroup section */
		DA7B8B362FE580C600AB4D8F = {
			isa = PBXGroup;
			children = (
				DA7B8B412FE580C600AB4D8F /* keymaster */,
				DA7B8B4F2FE580C700AB4D8F /* keymasterTests */,
				DA7B8B592FE580C700AB4D8F /* keymasterUITests */,
				DA7B8B402FE580C600AB4D8F /* Products */,
			);
			sourceTree = "<group>";
		};
		DA7B8B402FE580C600AB4D8F /* Products */ = {
			isa = PBXGroup;
			children = (
				DA7B8B3F2FE580C600AB4D8F /* Keymaster.app */,
				DA7B8B4C2FE580C700AB4D8F /* keymasterTests.xctest */,
				DA7B8B562FE580C700AB4D8F /* keymasterUITests.xctest */,
			);
			name = Products;
			sourceTree = "<group>";
		};
/* End PBXGroup section */

/* Begin PBXNativeTarget section */
		DA7B8B3E2FE580C600AB4D8F /* keymaster */ = {
			isa = PBXNativeTarget;
			buildConfigurationList = DA7B8B602FE580C700AB4D8F /* Build configuration list for PBXNativeTarget "keymaster" */;
			buildPhases = (
				DA7B8B3B2FE580C600AB4D8F /* Sources */,
				DA7B8B3C2FE580C600AB4D8F /* Frameworks */,
				DA7B8B3D2FE580C600AB4D8F /* Resources */,
			);
			buildRules = (
			);
			dependencies = (
			);
			fileSystemSynchronizedGroups = (
				DA7B8B412FE580C600AB4D8F /* keymaster */,
			);
			name = keymaster;
			packageProductDependencies = (
			);
			productName = Keymaster;
			productReference = DA7B8B3F2FE580C600AB4D8F /* Keymaster.app */;
			productType = "com.apple.product-type.application";
		};
		DA7B8B4B2FE580C700AB4D8F /* keymasterTests */ = {
			isa = PBXNativeTarget;
			buildConfigurationList = DA7B8B632FE580C700AB4D8F /* Build configuration list for PBXNativeTarget "keymasterTests" */;
			buildPhases = (
				DA7B8B482FE580C700AB4D8F /* Sources */,
				DA7B8B492FE580C700AB4D8F /* Frameworks */,
				DA7B8B4A2FE580C700AB4D8F /* Resources */,
			);
			buildRules = (
			);
			dependencies = (
				DA7B8B4E2FE580C700AB4D8F /* PBXTargetDependency */,
			);
			fileSystemSynchronizedGroups = (
				DA7B8B4F2FE580C700AB4D8F /* keymasterTests */,
			);
			name = keymasterTests;
			packageProductDependencies = (
			);
			productName = keymasterTests;
			productReference = DA7B8B4C2FE580C700AB4D8F /* keymasterTests.xctest */;
			productType = "com.apple.product-type.bundle.unit-test";
		};
		DA7B8B552FE580C700AB4D8F /* keymasterUITests */ = {
			isa = PBXNativeTarget;
			buildConfigurationList = DA7B8B662FE580C700AB4D8F /* Build configuration list for PBXNativeTarget "keymasterUITests" */;
			buildPhases = (
				DA7B8B522FE580C700AB4D8F /* Sources */,
				DA7B8B532FE580C700AB4D8F /* Frameworks */,
				DA7B8B542FE580C700AB4D8F /* Resources */,
			);
			buildRules = (
			);
			dependencies = (
				DA7B8B582FE580C700AB4D8F /* PBXTargetDependency */,
			);
			fileSystemSynchronizedGroups = (
				DA7B8B592FE580C700AB4D8F /* keymasterUITests */,
			);
			name = keymasterUITests;
			packageProductDependencies = (
			);
			productName = keymasterUITests;
			productReference = DA7B8B562FE580C700AB4D8F /* keymasterUITests.xctest */;
			productType = "com.apple.product-type.bundle.ui-testing";
		};
/* End PBXNativeTarget section */

/* Begin PBXProject section */
		DA7B8B372FE580C600AB4D8F /* Project object */ = {
			isa = PBXProject;
			attributes = {
				BuildIndependentTargetsInParallel = 1;
				LastSwiftUpdateCheck = 2650;
				LastUpgradeCheck = 2650;
				TargetAttributes = {
					DA7B8B3E2FE580C600AB4D8F = {
						CreatedOnToolsVersion = 26.5;
					};
					DA7B8B4B2FE580C700AB4D8F = {
						CreatedOnToolsVersion = 26.5;
						TestTargetID = DA7B8B3E2FE580C600AB4D8F;
					};
					DA7B8B552FE580C700AB4D8F = {
						CreatedOnToolsVersion = 26.5;
						TestTargetID = DA7B8B3E2FE580C600AB4D8F;
					};
				};
			};
			buildConfigurationList = DA7B8B3A2FE580C600AB4D8F /* Build configuration list for PBXProject "keymaster" */;
			developmentRegion = en;
			hasScannedForEncodings = 0;
			knownRegions = (
				en,
				Base,
			);
			mainGroup = DA7B8B362FE580C600AB4D8F;
			minimizedProjectReferenceProxies = 1;
			preferredProjectObjectVersion = 77;
			productRefGroup = DA7B8B402FE580C600AB4D8F /* Products */;
			projectDirPath = "";
			projectRoot = "";
			targets = (
				DA7B8B3E2FE580C600AB4D8F /* keymaster */,
				DA7B8B4B2FE580C700AB4D8F /* keymasterTests */,
				DA7B8B552FE580C700AB4D8F /* keymasterUITests */,
			);
		};
/* End PBXProject section */

/* Begin PBXResourcesBuildPhase section */
		DA7B8B3D2FE580C600AB4D8F /* Resources */ = {
			isa = PBXResourcesBuildPhase;
			buildActionMask = 2147483647;
			files = (
			);
			runOnlyForDeploymentPostprocessing = 0;
		};
		DA7B8B4A2FE580C700AB4D8F /* Resources */ = {
			isa = PBXResourcesBuildPhase;
			buildActionMask = 2147483647;
			files = (
			);
			runOnlyForDeploymentPostprocessing = 0;
		};
		DA7B8B542FE580C700AB4D8F /* Resources */ = {
			isa = PBXResourcesBuildPhase;
			buildActionMask = 2147483647;
			files = (
			);
			runOnlyForDeploymentPostprocessing = 0;
		};
/* End PBXResourcesBuildPhase section */

/* Begin PBXSourcesBuildPhase section */
		DA7B8B3B2FE580C600AB4D8F /* Sources */ = {
			isa = PBXSourcesBuildPhase;
			buildActionMask = 2147483647;
			files = (
			);
			runOnlyForDeploymentPostprocessing = 0;
		};
		DA7B8B482FE580C700AB4D8F /* Sources */ = {
			isa = PBXSourcesBuildPhase;
			buildActionMask = 2147483647;
			files = (
			);
			runOnlyForDeploymentPostprocessing = 0;
		};
		DA7B8B522FE580C700AB4D8F /* Sources */ = {
			isa = PBXSourcesBuildPhase;
			buildActionMask = 2147483647;
			files = (
			);
			runOnlyForDeploymentPostprocessing = 0;
		};
/* End PBXSourcesBuildPhase section */

/* Begin PBXTargetDependency section */
		DA7B8B4E2FE580C700AB4D8F /* PBXTargetDependency */ = {
			isa = PBXTargetDependency;
			target = DA7B8B3E2FE580C600AB4D8F /* keymaster */;
			targetProxy = DA7B8B4D2FE580C700AB4D8F /* PBXContainerItemProxy */;
		};
		DA7B8B582FE580C700AB4D8F /* PBXTargetDependency */ = {
			isa = PBXTargetDependency;
			target = DA7B8B3E2FE580C600AB4D8F /* keymaster */;
			targetProxy = DA7B8B572FE580C700AB4D8F /* PBXContainerItemProxy */;
		};
/* End PBXTargetDependency section */

/* Begin XCBuildConfiguration section */
		DA7B8B5E2FE580C700AB4D8F /* Debug */ = {
			isa = XCBuildConfiguration;
			buildSettings = {
				ALWAYS_SEARCH_USER_PATHS = NO;
				ASSETCATALOG_COMPILER_GENERATE_SWIFT_ASSET_SYMBOL_EXTENSIONS = YES;
				CLANG_ANALYZER_NONNULL = YES;
				CLANG_ANALYZER_NUMBER_OBJECT_CONVERSION = YES_AGGRESSIVE;
				CLANG_CXX_LANGUAGE_STANDARD = "gnu++20";
				CLANG_ENABLE_MODULES = YES;
				CLANG_ENABLE_OBJC_ARC = YES;
				CLANG_ENABLE_OBJC_WEAK = YES;
				CLANG_WARN_BLOCK_CAPTURE_AUTORELEASING = YES;
				CLANG_WARN_BOOL_CONVERSION = YES;
				CLANG_WARN_COMMA = YES;
				CLANG_WARN_CONSTANT_CONVERSION = YES;
				CLANG_WARN_DEPRECATED_OBJC_IMPLEMENTATIONS = YES;
				CLANG_WARN_DIRECT_OBJC_ISA_USAGE = YES_ERROR;
				CLANG_WARN_DOCUMENTATION_COMMENTS = YES;
				CLANG_WARN_EMPTY_BODY = YES;
				CLANG_WARN_ENUM_CONVERSION = YES;
				CLANG_WARN_INFINITE_RECURSION = YES;
				CLANG_WARN_INT_CONVERSION = YES;
				CLANG_WARN_NON_LITERAL_NULL_CONVERSION = YES;
				CLANG_WARN_OBJC_IMPLICIT_RETAIN_SELF = YES;
				CLANG_WARN_OBJC_LITERAL_CONVERSION = YES;
				CLANG_WARN_OBJC_ROOT_CLASS = YES_ERROR;
				CLANG_WARN_QUOTED_INCLUDE_IN_FRAMEWORK_HEADER = YES;
				CLANG_WARN_RANGE_LOOP_ANALYSIS = YES;
				CLANG_WARN_STRICT_PROTOTYPES = YES;
				CLANG_WARN_SUSPICIOUS_MOVE = YES;
				CLANG_WARN_UNGUARDED_AVAILABILITY = YES_AGGRESSIVE;
				CLANG_WARN_UNREACHABLE_CODE = YES;
				CLANG_WARN__DUPLICATE_METHOD_MATCH = YES;
				COPY_PHASE_STRIP = NO;
				DEBUG_INFORMATION_FORMAT = dwarf;
				DEVELOPMENT_TEAM = 57ACZ9RAXL;
				ENABLE_STRICT_OBJC_MSGSEND = YES;
				ENABLE_TESTABILITY = YES;
				ENABLE_USER_SCRIPT_SANDBOXING = YES;
				GCC_C_LANGUAGE_STANDARD = gnu17;
				GCC_DYNAMIC_NO_PIC = NO;
				GCC_NO_COMMON_BLOCKS = YES;
				GCC_OPTIMIZATION_LEVEL = 0;
				GCC_PREPROCESSOR_DEFINITIONS = (
					"DEBUG=1",
					"$(inherited)",
				);
				GCC_WARN_64_TO_32_BIT_CONVERSION = YES;
				GCC_WARN_ABOUT_RETURN_TYPE = YES_ERROR;
				GCC_WARN_UNDECLARED_SELECTOR = YES;
				GCC_WARN_UNINITIALIZED_AUTOS = YES_AGGRESSIVE;
				GCC_WARN_UNUSED_FUNCTION = YES;
				GCC_WARN_UNUSED_VARIABLE = YES;
				LOCALIZATION_PREFERS_STRING_CATALOGS = YES;
				MACOSX_DEPLOYMENT_TARGET = 26.5;
				MTL_ENABLE_DEBUG_INFO = INCLUDE_SOURCE;
				MTL_FAST_MATH = YES;
				ONLY_ACTIVE_ARCH = YES;
				SDKROOT = macosx;
				SWIFT_ACTIVE_COMPILATION_CONDITIONS = "DEBUG $(inherited)";
				SWIFT_OPTIMIZATION_LEVEL = "-Onone";
			};
			name = Debug;
		};
		DA7B8B5F2FE580C700AB4D8F /* Release */ = {
			isa = XCBuildConfiguration;
			buildSettings = {
				ALWAYS_SEARCH_USER_PATHS = NO;
				ASSETCATALOG_COMPILER_GENERATE_SWIFT_ASSET_SYMBOL_EXTENSIONS = YES;
				CLANG_ANALYZER_NONNULL = YES;
				CLANG_ANALYZER_NUMBER_OBJECT_CONVERSION = YES_AGGRESSIVE;
				CLANG_CXX_LANGUAGE_STANDARD = "gnu++20";
				CLANG_ENABLE_MODULES = YES;
				CLANG_ENABLE_OBJC_ARC = YES;
				CLANG_ENABLE_OBJC_WEAK = YES;
				CLANG_WARN_BLOCK_CAPTURE_AUTORELEASING = YES;
				CLANG_WARN_BOOL_CONVERSION = YES;
				CLANG_WARN_COMMA = YES;
				CLANG_WARN_CONSTANT_CONVERSION = YES;
				CLANG_WARN_DEPRECATED_OBJC_IMPLEMENTATIONS = YES;
				CLANG_WARN_DIRECT_OBJC_ISA_USAGE = YES_ERROR;
				CLANG_WARN_DOCUMENTATION_COMMENTS = YES;
				CLANG_WARN_EMPTY_BODY = YES;
				CLANG_WARN_ENUM_CONVERSION = YES;
				CLANG_WARN_INFINITE_RECURSION = YES;
				CLANG_WARN_INT_CONVERSION = YES;
				CLANG_WARN_NON_LITERAL_NULL_CONVERSION = YES;
				CLANG_WARN_OBJC_IMPLICIT_RETAIN_SELF = YES;
				CLANG_WARN_OBJC_LITERAL_CONVERSION = YES;
				CLANG_WARN_OBJC_ROOT_CLASS = YES_ERROR;
				CLANG_WARN_QUOTED_INCLUDE_IN_FRAMEWORK_HEADER = YES;
				CLANG_WARN_RANGE_LOOP_ANALYSIS = YES;
				CLANG_WARN_STRICT_PROTOTYPES = YES;
				CLANG_WARN_SUSPICIOUS_MOVE = YES;
				CLANG_WARN_UNGUARDED_AVAILABILITY = YES_AGGRESSIVE;
				CLANG_WARN_UNREACHABLE_CODE = YES;
				CLANG_WARN__DUPLICATE_METHOD_MATCH = YES;
				COPY_PHASE_STRIP = NO;
				DEBUG_INFORMATION_FORMAT = "dwarf-with-dsym";
				DEVELOPMENT_TEAM = 57ACZ9RAXL;
				ENABLE_NS_ASSERTIONS = NO;
				ENABLE_STRICT_OBJC_MSGSEND = YES;
				ENABLE_USER_SCRIPT_SANDBOXING = YES;
				GCC_C_LANGUAGE_STANDARD = gnu17;
				GCC_NO_COMMON_BLOCKS = YES;
				GCC_WARN_64_TO_32_BIT_CONVERSION = YES;
				GCC_WARN_ABOUT_RETURN_TYPE = YES_ERROR;
				GCC_WARN_UNDECLARED_SELECTOR = YES;
				GCC_WARN_UNINITIALIZED_AUTOS = YES_AGGRESSIVE;
				GCC_WARN_UNUSED_FUNCTION = YES;
				GCC_WARN_UNUSED_VARIABLE = YES;
				LOCALIZATION_PREFERS_STRING_CATALOGS = YES;
				MACOSX_DEPLOYMENT_TARGET = 26.5;
				MTL_ENABLE_DEBUG_INFO = NO;
				MTL_FAST_MATH = YES;
				SDKROOT = macosx;
				SWIFT_COMPILATION_MODE = wholemodule;
			};
			name = Release;
		};
		DA7B8B612FE580C700AB4D8F /* Debug */ = {
			isa = XCBuildConfiguration;
			buildSettings = {
				ASSETCATALOG_COMPILER_APPICON_NAME = AppIcon;
				ASSETCATALOG_COMPILER_GLOBAL_ACCENT_COLOR_NAME = AccentColor;
				CODE_SIGN_ENTITLEMENTS = keymaster/keymaster.entitlements;
				CODE_SIGN_STYLE = Automatic;
				COMBINE_HIDPI_IMAGES = YES;
				CURRENT_PROJECT_VERSION = 1;
				DEVELOPMENT_TEAM = 57ACZ9RAXL;
				ENABLE_APP_SANDBOX = NO;
				ENABLE_HARDENED_RUNTIME = YES;
				ENABLE_PREVIEWS = YES;
				ENABLE_USER_SELECTED_FILES = readonly;
				EXECUTABLE_NAME = keymaster;
				GENERATE_INFOPLIST_FILE = YES;
				INFOPLIST_KEY_CFBundleDisplayName = Keymaster;
				INFOPLIST_KEY_NSHumanReadableCopyright = "";
				LD_RUNPATH_SEARCH_PATHS = (
					"$(inherited)",
					"@executable_path/../Frameworks",
				);
				MARKETING_VERSION = 1.0;
				PRODUCT_BUNDLE_IDENTIFIER = dev.mnck.keymaster;
				PRODUCT_NAME = Keymaster;
				REGISTER_APP_GROUPS = YES;
				STRING_CATALOG_GENERATE_SYMBOLS = YES;
				SWIFT_APPROACHABLE_CONCURRENCY = YES;
				SWIFT_DEFAULT_ACTOR_ISOLATION = MainActor;
				SWIFT_EMIT_LOC_STRINGS = YES;
				SWIFT_UPCOMING_FEATURE_MEMBER_IMPORT_VISIBILITY = YES;
				SWIFT_VERSION = 5.0;
			};
			name = Debug;
		};
		DA7B8B622FE580C700AB4D8F /* Release */ = {
			isa = XCBuildConfiguration;
			buildSettings = {
				ASSETCATALOG_COMPILER_APPICON_NAME = AppIcon;
				ASSETCATALOG_COMPILER_GLOBAL_ACCENT_COLOR_NAME = AccentColor;
				CODE_SIGN_ENTITLEMENTS = keymaster/keymaster.entitlements;
				CODE_SIGN_STYLE = Automatic;
				COMBINE_HIDPI_IMAGES = YES;
				CURRENT_PROJECT_VERSION = 1;
				DEVELOPMENT_TEAM = 57ACZ9RAXL;
				ENABLE_APP_SANDBOX = NO;
				ENABLE_HARDENED_RUNTIME = YES;
				ENABLE_PREVIEWS = YES;
				ENABLE_USER_SELECTED_FILES = readonly;
				EXECUTABLE_NAME = keymaster;
				GENERATE_INFOPLIST_FILE = YES;
				INFOPLIST_KEY_CFBundleDisplayName = Keymaster;
				INFOPLIST_KEY_NSHumanReadableCopyright = "";
				LD_RUNPATH_SEARCH_PATHS = (
					"$(inherited)",
					"@executable_path/../Frameworks",
				);
				MARKETING_VERSION = 1.0;
				PRODUCT_BUNDLE_IDENTIFIER = dev.mnck.keymaster;
				PRODUCT_NAME = Keymaster;
				REGISTER_APP_GROUPS = YES;
				STRING_CATALOG_GENERATE_SYMBOLS = YES;
				SWIFT_APPROACHABLE_CONCURRENCY = YES;
				SWIFT_DEFAULT_ACTOR_ISOLATION = MainActor;
				SWIFT_EMIT_LOC_STRINGS = YES;
				SWIFT_UPCOMING_FEATURE_MEMBER_IMPORT_VISIBILITY = YES;
				SWIFT_VERSION = 5.0;
			};
			name = Release;
		};
		DA7B8B642FE580C700AB4D8F /* Debug */ = {
			isa = XCBuildConfiguration;
			buildSettings = {
				BUNDLE_LOADER = "$(TEST_HOST)";
				CODE_SIGN_STYLE = Automatic;
				CURRENT_PROJECT_VERSION = 1;
				DEVELOPMENT_TEAM = 57ACZ9RAXL;
				GENERATE_INFOPLIST_FILE = YES;
				MACOSX_DEPLOYMENT_TARGET = 26.5;
				MARKETING_VERSION = 1.0;
				PRODUCT_BUNDLE_IDENTIFIER = dev.mnck.keymasterTests;
				PRODUCT_NAME = "$(TARGET_NAME)";
				STRING_CATALOG_GENERATE_SYMBOLS = NO;
				SWIFT_APPROACHABLE_CONCURRENCY = YES;
				SWIFT_EMIT_LOC_STRINGS = NO;
				SWIFT_UPCOMING_FEATURE_MEMBER_IMPORT_VISIBILITY = YES;
				SWIFT_VERSION = 5.0;
				TEST_HOST = "$(BUILT_PRODUCTS_DIR)/Keymaster.app/$(BUNDLE_EXECUTABLE_FOLDER_PATH)/keymaster";
			};
			name = Debug;
		};
		DA7B8B652FE580C700AB4D8F /* Release */ = {
			isa = XCBuildConfiguration;
			buildSettings = {
				BUNDLE_LOADER = "$(TEST_HOST)";
				CODE_SIGN_STYLE = Automatic;
				CURRENT_PROJECT_VERSION = 1;
				DEVELOPMENT_TEAM = 57ACZ9RAXL;
				GENERATE_INFOPLIST_FILE = YES;
				MACOSX_DEPLOYMENT_TARGET = 26.5;
				MARKETING_VERSION = 1.0;
				PRODUCT_BUNDLE_IDENTIFIER = dev.mnck.keymasterTests;
				PRODUCT_NAME = "$(TARGET_NAME)";
				STRING_CATALOG_GENERATE_SYMBOLS = NO;
				SWIFT_APPROACHABLE_CONCURRENCY = YES;
				SWIFT_EMIT_LOC_STRINGS = NO;
				SWIFT_UPCOMING_FEATURE_MEMBER_IMPORT_VISIBILITY = YES;
				SWIFT_VERSION = 5.0;
				TEST_HOST = "$(BUILT_PRODUCTS_DIR)/Keymaster.app/$(BUNDLE_EXECUTABLE_FOLDER_PATH)/keymaster";
			};
			name = Release;
		};
		DA7B8B672FE580C700AB4D8F /* Debug */ = {
			isa = XCBuildConfiguration;
			buildSettings = {
				CODE_SIGN_STYLE = Automatic;
				CURRENT_PROJECT_VERSION = 1;
				DEVELOPMENT_TEAM = 57ACZ9RAXL;
				GENERATE_INFOPLIST_FILE = YES;
				MARKETING_VERSION = 1.0;
				PRODUCT_BUNDLE_IDENTIFIER = dev.mnck.keymasterUITests;
				PRODUCT_NAME = "$(TARGET_NAME)";
				STRING_CATALOG_GENERATE_SYMBOLS = NO;
				SWIFT_APPROACHABLE_CONCURRENCY = YES;
				SWIFT_EMIT_LOC_STRINGS = NO;
				SWIFT_UPCOMING_FEATURE_MEMBER_IMPORT_VISIBILITY = YES;
				SWIFT_VERSION = 5.0;
				TEST_TARGET_NAME = keymaster;
			};
			name = Debug;
		};
		DA7B8B682FE580C700AB4D8F /* Release */ = {
			isa = XCBuildConfiguration;
			buildSettings = {
				CODE_SIGN_STYLE = Automatic;
				CURRENT_PROJECT_VERSION = 1;
				DEVELOPMENT_TEAM = 57ACZ9RAXL;
				GENERATE_INFOPLIST_FILE = YES;
				MARKETING_VERSION = 1.0;
				PRODUCT_BUNDLE_IDENTIFIER = dev.mnck.keymasterUITests;
				PRODUCT_NAME = "$(TARGET_NAME)";
				STRING_CATALOG_GENERATE_SYMBOLS = NO;
				SWIFT_APPROACHABLE_CONCURRENCY = YES;
				SWIFT_EMIT_LOC_STRINGS = NO;
				SWIFT_UPCOMING_FEATURE_MEMBER_IMPORT_VISIBILITY = YES;
				SWIFT_VERSION = 5.0;
				TEST_TARGET_NAME = keymaster;
			};
			name = Release;
		};
/* End XCBuildConfiguration section */

/* Begin XCConfigurationList section */
		DA7B8B3A2FE580C600AB4D8F /* Build configuration list for PBXProject "keymaster" */ = {
			isa = XCConfigurationList;
			buildConfigurations = (
				DA7B8B5E2FE580C700AB4D8F /* Debug */,
				DA7B8B5F2FE580C700AB4D8F /* Release */,
			);
			defaultConfigurationIsVisible = 0;
			defaultConfigurationName = Release;
		};
		DA7B8B602FE580C700AB4D8F /* Build configuration list for PBXNativeTarget "keymaster" */ = {
			isa = XCConfigurationList;
			buildConfigurations = (
				DA7B8B612FE580C700AB4D8F /* Debug */,
				DA7B8B622FE580C700AB4D8F /* Release */,
			);
			defaultConfigurationIsVisible = 0;
			defaultConfigurationName = Release;
		};
		DA7B8B632FE580C700AB4D8F /* Build configuration list for PBXNativeTarget "keymasterTests" */ = {
			isa = XCConfigurationList;
			buildConfigurations = (
				DA7B8B642FE580C700AB4D8F /* Debug */,
				DA7B8B652FE580C700AB4D8F /* Release */,
			);
			defaultConfigurationIsVisible = 0;
			defaultConfigurationName = Release;
		};
		DA7B8B662FE580C700AB4D8F /* Build configuration list for PBXNativeTarget "keymasterUITests" */ = {
			isa = XCConfigurationList;
			buildConfigurations = (
				DA7B8B672FE580C700AB4D8F /* Debug */,
				DA7B8B682FE580C700AB4D8F /* Release */,
			);
			defaultConfigurationIsVisible = 0;
			defaultConfigurationName = Release;
		};
/* End XCConfigurationList section */
	};
	rootObject = DA7B8B372FE580C600AB4D8F /* Project object */;
}
